// !$*UTF8*$!
{
	archiveVersion = 1;
	classes = {
	};
	objectVersion = 77;
	objects = {

/* Begin PBXBuildFile section */
		EF08E6C32CC91D6D00905CCB /* Preview Assets.xcassets in Resources */ = {isa = PBXBuildFile; fileRef = EF08E6BB2CC91D6D00905CCB /* Preview Assets.xcassets */; };
		EF08E6C42CC91D6D00905CCB /* Assets.xcassets in Resources */ = {isa = PBXBuildFile; fileRef = EF08E6BD2CC91D6D00905CCB /* Assets.xcassets */; };
		EF08E6C52CC91D6D00905CCB /* ContentView.swift in Sources */ = {isa = PBXBuildFile; fileRef = EF08E6C02CC91D6D00905CCB /* ContentView.swift */; };
		EF08E6C62CC91D6D00905CCB /* KanshoApp.swift in Sources */ = {isa = PBXBuildFile; fileRef = EF08E6C12CC91D6D00905CCB /* KanshoApp.swift */; };
		EF08E6C92CC91D7000905CCB /* KanshoTests.swift in Sources */ = {isa = PBXBuildFile; fileRef = EF08E6C72CC91D7000905CCB /* KanshoTests.swift */; };
		EF08E6CD2CC91D7200905CCB /* KanshoUITests.swift in Sources */ = {isa = PBXBuildFile; fileRef = EF08E6CA2CC91D7200905CCB /* KanshoUITests.swift */; };
		EF08E6CE2CC91D7200905CCB /* KanshoUITestsLaunchTests.swift in Sources */ = {isa = PBXBuildFile; fileRef = EF08E6CB2CC91D7200905CCB /* KanshoUITestsLaunchTests.swift */; };
		EF26577B2CCC142600D7A69E /* HapticManager.swift in Sources */ = {isa = PBXBuildFile; fileRef = EF26577A2CCC142200D7A69E /* HapticManager.swift */; };
		EF26B9FB2CCA783D007C3CD8 /* AvenirLTStd-Black.otf in Resources */ = {isa = PBXBuildFile; fileRef = EF26B9EE2CCA783D007C3CD8 /* AvenirLTStd-Black.otf */; };
		EF26B9FC2CCA783D007C3CD8 /* AvenirLTStd-Book.otf in Resources */ = {isa = PBXBuildFile; fileRef = EF26B9F02CCA783D007C3CD8 /* AvenirLTStd-Book.otf */; };
		EF26B9FD2CCA783D007C3CD8 /* AvenirLTStd-BookOblique.otf in Resources */ = {isa = PBXBuildFile; fileRef = EF26B9F12CCA783D007C3CD8 /* AvenirLTStd-BookOblique.otf */; };
		EF26B9FE2CCA783D007C3CD8 /* AvenirLTStd-Medium.otf in Resources */ = {isa = PBXBuildFile; fileRef = EF26B9F62CCA783D007C3CD8 /* AvenirLTStd-Medium.otf */; };
		EF26B9FF2CCA783D007C3CD8 /* AvenirLTStd-HeavyOblique.otf in Resources */ = {isa = PBXBuildFile; fileRef = EF26B9F32CCA783D007C3CD8 /* AvenirLTStd-HeavyOblique.otf */; };
		EF26BA002CCA783D007C3CD8 /* AvenirLTStd-Light.otf in Resources */ = {isa = PBXBuildFile; fileRef = EF26B9F42CCA783D007C3CD8 /* AvenirLTStd-Light.otf */; };
		EF26BA012CCA783D007C3CD8 /* AvenirLTStd-Roman.otf in Resources */ = {isa = PBXBuildFile; fileRef = EF26B9F92CCA783D007C3CD8 /* AvenirLTStd-Roman.otf */; };
		EF26BA022CCA783D007C3CD8 /* AvenirLTStd-LightOblique.otf in Resources */ = {isa = PBXBuildFile; fileRef = EF26B9F52CCA783D007C3CD8 /* AvenirLTStd-LightOblique.otf */; };
		EF26BA032CCA783D007C3CD8 /* AvenirLTStd-Oblique.otf in Resources */ = {isa = PBXBuildFile; fileRef = EF26B9F82CCA783D007C3CD8 /* AvenirLTStd-Oblique.otf */; };
		EF26BA042CCA783D007C3CD8 /* AvenirLTStd-BlackOblique.otf in Resources */ = {isa = PBXBuildFile; fileRef = EF26B9EF2CCA783D007C3CD8 /* AvenirLTStd-BlackOblique.otf */; };
		EF26BA052CCA783D007C3CD8 /* AvenirLTStd-Heavy.otf in Resources */ = {isa = PBXBuildFile; fileRef = EF26B9F22CCA783D007C3CD8 /* AvenirLTStd-Heavy.otf */; };
		EF26BA062CCA783D007C3CD8 /* AvenirLTStd-MediumOblique.otf in Resources */ = {isa = PBXBuildFile; fileRef = EF26B9F72CCA783D007C3CD8 /* AvenirLTStd-MediumOblique.otf */; };
		EF26BA0A2CCA7BBE007C3CD8 /* Font+Avenir.swift in Sources */ = {isa = PBXBuildFile; fileRef = EF26BA092CCA7BB3007C3CD8 /* Font+Avenir.swift */; };
		EF26BA0E2CCA86DD007C3CD8 /* RelaxView.swift in Sources */ = {isa = PBXBuildFile; fileRef = EF26BA0D2CCA86DA007C3CD8 /* RelaxView.swift */; };
/* End PBXBuildFile section */

/* Begin PBXContainerItemProxy section */
		EF7F532F2CC16BF300286047 /* PBXContainerItemProxy */ = {
			isa = PBXContainerItemProxy;
			containerPortal = EF7F53162CC16BF100286047 /* Project object */;
			proxyType = 1;
			remoteGlobalIDString = EF7F531D2CC16BF100286047;
			remoteInfo = Kansho;
		};
		EF7F53392CC16BF300286047 /* PBXContainerItemProxy */ = {
			isa = PBXContainerItemProxy;
			containerPortal = EF7F53162CC16BF100286047 /* Project object */;
			proxyType = 1;
			remoteGlobalIDString = EF7F531D2CC16BF100286047;
			remoteInfo = Kansho;
		};
/* End PBXContainerItemProxy section */

/* Begin PBXFileReference section */
		EF08E6BB2CC91D6D00905CCB /* Preview Assets.xcassets */ = {isa = PBXFileReference; lastKnownFileType = folder.assetcatalog; path = "Preview Assets.xcassets"; sourceTree = "<group>"; };
		EF08E6BD2CC91D6D00905CCB /* Assets.xcassets */ = {isa = PBXFileReference; lastKnownFileType = folder.assetcatalog; path = Assets.xcassets; sourceTree = "<group>"; };
		EF08E6C02CC91D6D00905CCB /* ContentView.swift */ = {isa = PBXFileReference; lastKnownFileType = sourcecode.swift; path = ContentView.swift; sourceTree = "<group>"; };
		EF08E6C12CC91D6D00905CCB /* KanshoApp.swift */ = {isa = PBXFileReference; lastKnownFileType = sourcecode.swift; path = KanshoApp.swift; sourceTree = "<group>"; };
		EF08E6C72CC91D7000905CCB /* KanshoTests.swift */ = {isa = PBXFileReference; lastKnownFileType = sourcecode.swift; path = KanshoTests.swift; sourceTree = "<group>"; };
		EF08E6CA2CC91D7200905CCB /* KanshoUITests.swift */ = {isa = PBXFileReference; lastKnownFileType = sourcecode.swift; path = KanshoUITests.swift; sourceTree = "<group>"; };
		EF08E6CB2CC91D7200905CCB /* KanshoUITestsLaunchTests.swift */ = {isa = PBXFileReference; lastKnownFileType = sourcecode.swift; path = KanshoUITestsLaunchTests.swift; sourceTree = "<group>"; };
		EF26577A2CCC142200D7A69E /* HapticManager.swift */ = {isa = PBXFileReference; lastKnownFileType = sourcecode.swift; path = HapticManager.swift; sourceTree = "<group>"; };
		EF26B9EE2CCA783D007C3CD8 /* AvenirLTStd-Black.otf */ = {isa = PBXFileReference; lastKnownFileType = file; path = "AvenirLTStd-Black.otf"; sourceTree = "<group>"; };
		EF26B9EF2CCA783D007C3CD8 /* AvenirLTStd-BlackOblique.otf */ = {isa = PBXFileReference; lastKnownFileType = file; path = "AvenirLTStd-BlackOblique.otf"; sourceTree = "<group>"; };
		EF26B9F02CCA783D007C3CD8 /* AvenirLTStd-Book.otf */ = {isa = PBXFileReference; lastKnownFileType = file; path = "AvenirLTStd-Book.otf"; sourceTree = "<group>"; };
		EF26B9F12CCA783D007C3CD8 /* AvenirLTStd-BookOblique.otf */ = {isa = PBXFileReference; lastKnownFileType = file; path = "AvenirLTStd-BookOblique.otf"; sourceTree = "<group>"; };
		EF26B9F22CCA783D007C3CD8 /* AvenirLTStd-Heavy.otf */ = {isa = PBXFileReference; lastKnownFileType = file; path = "AvenirLTStd-Heavy.otf"; sourceTree = "<group>"; };
		EF26B9F32CCA783D007C3CD8 /* AvenirLTStd-HeavyOblique.otf */ = {isa = PBXFileReference; lastKnownFileType = file; path = "AvenirLTStd-HeavyOblique.otf"; sourceTree = "<group>"; };
		EF26B9F42CCA783D007C3CD8 /* AvenirLTStd-Light.otf */ = {isa = PBXFileReference; lastKnownFileType = file; path = "AvenirLTStd-Light.otf"; sourceTree = "<group>"; };
		EF26B9F52CCA783D007C3CD8 /* AvenirLTStd-LightOblique.otf */ = {isa = PBXFileReference; lastKnownFileType = file; path = "AvenirLTStd-LightOblique.otf"; sourceTree = "<group>"; };
		EF26B9F62CCA783D007C3CD8 /* AvenirLTStd-Medium.otf */ = {isa = PBXFileReference; lastKnownFileType = file; path = "AvenirLTStd-Medium.otf"; sourceTree = "<group>"; };
		EF26B9F72CCA783D007C3CD8 /* AvenirLTStd-MediumOblique.otf */ = {isa = PBXFileReference; lastKnownFileType = file; path = "AvenirLTStd-MediumOblique.otf"; sourceTree = "<group>"; };
		EF26B9F82CCA783D007C3CD8 /* AvenirLTStd-Oblique.otf */ = {isa = PBXFileReference; lastKnownFileType = file; path = "AvenirLTStd-Oblique.otf"; sourceTree = "<group>"; };
		EF26B9F92CCA783D007C3CD8 /* AvenirLTStd-Roman.otf */ = {isa = PBXFileReference; lastKnownFileType = file; path = "AvenirLTStd-Roman.otf"; sourceTree = "<group>"; };
		EF26BA072CCA7872007C3CD8 /* Info.plist */ = {isa = PBXFileReference; lastKnownFileType = text.plist; path = Info.plist; sourceTree = "<group>"; };
		EF26BA092CCA7BB3007C3CD8 /* Font+Avenir.swift */ = {isa = PBXFileReference; lastKnownFileType = sourcecode.swift; path = "Font+Avenir.swift"; sourceTree = "<group>"; };
		EF26BA0D2CCA86DA007C3CD8 /* RelaxView.swift */ = {isa = PBXFileReference; lastKnownFileType = sourcecode.swift; path = RelaxView.swift; sourceTree = "<group>"; };
		EF7F531E2CC16BF100286047 /* Kansho.app */ = {isa = PBXFileReference; explicitFileType = wrapper.application; includeInIndex = 0; path = Kansho.app; sourceTree = BUILT_PRODUCTS_DIR; };
		EF7F532E2CC16BF300286047 /* KanshoTests.xctest */ = {isa = PBXFileReference; explicitFileType = wrapper.cfbundle; includeInIndex = 0; path = KanshoTests.xctest; sourceTree = BUILT_PRODUCTS_DIR; };
		EF7F53382CC16BF300286047 /* KanshoUITests.xctest */ = {isa = PBXFileReference; explicitFileType = wrapper.cfbundle; includeInIndex = 0; path = KanshoUITests.xctest; sourceTree = BUILT_PRODUCTS_DIR; };
/* End PBXFileReference section */

/* Begin PBXFrameworksBuildPhase section */
		EF7F531B2CC16BF100286047 /* Frameworks */ = {
			isa = PBXFrameworksBuildPhase;
			buildActionMask = 2147483647;
			files = (
			);
			runOnlyForDeploymentPostprocessing = 0;
		};
		EF7F532B2CC16BF300286047 /* Frameworks */ = {
			isa = PBXFrameworksBuildPhase;
			buildActionMask = 2147483647;
			files = (
			);
			runOnlyForDeploymentPostprocessing = 0;
		};
		EF7F53352CC16BF300286047 /* Frameworks */ = {
			isa = PBXFrameworksBuildPhase;
			buildActionMask = 2147483647;
			files = (
			);
			runOnlyForDeploymentPostprocessing = 0;
		};
/* End PBXFrameworksBuildPhase section */

/* Begin PBXGroup section */
		EF08E6B82CC91D6D00905CCB /* Constant */ = {
			isa = PBXGroup;
			children = (
			);
			path = Constant;
			sourceTree = "<group>";
		};
		EF08E6B92CC91D6D00905CCB /* Infrastructures */ = {
			isa = PBXGroup;
			children = (
				EF2657792CCC141C00D7A69E /* Manager */,
			);
			path = Infrastructures;
			sourceTree = "<group>";
		};
		EF08E6BA2CC91D6D00905CCB /* Modules */ = {
			isa = PBXGroup;
			children = (
				EF26BA0B2CCA86D0007C3CD8 /* Relax */,
			);
			path = Modules;
			sourceTree = "<group>";
		};
		EF08E6BC2CC91D6D00905CCB /* Preview Content */ = {
			isa = PBXGroup;
			children = (
				EF08E6BB2CC91D6D00905CCB /* Preview Assets.xcassets */,
			);
			path = "Preview Content";
			sourceTree = "<group>";
		};
		EF08E6BE2CC91D6D00905CCB /* Resources */ = {
			isa = PBXGroup;
			children = (
				EF08E6BC2CC91D6D00905CCB /* Preview Content */,
				EF26B9EC2CCA77D0007C3CD8 /* Fonts */,
				EF08E6BD2CC91D6D00905CCB /* Assets.xcassets */,
			);
			path = Resources;
			sourceTree = "<group>";
		};
		EF08E6BF2CC91D6D00905CCB /* ReusableComponents */ = {
			isa = PBXGroup;
			children = (
			);
			path = ReusableComponents;
			sourceTree = "<group>";
		};
		EF08E6C22CC91D6D00905CCB /* Kansho */ = {
			isa = PBXGroup;
			children = (
				EF26BA072CCA7872007C3CD8 /* Info.plist */,
				EF08E6C12CC91D6D00905CCB /* KanshoApp.swift */,
				EF08E6C02CC91D6D00905CCB /* ContentView.swift */,
				EF08E6B82CC91D6D00905CCB /* Constant */,
				EF26BA082CCA7BA1007C3CD8 /* Extensions */,
				EF08E6B92CC91D6D00905CCB /* Infrastructures */,
				EF08E6BA2CC91D6D00905CCB /* Modules */,
				EF08E6BE2CC91D6D00905CCB /* Resources */,
				EF08E6BF2CC91D6D00905CCB /* ReusableComponents */,
			);
			path = Kansho;
			sourceTree = "<group>";
		};
		EF08E6C82CC91D7000905CCB /* KanshoTests */ = {
			isa = PBXGroup;
			children = (
				EF08E6C72CC91D7000905CCB /* KanshoTests.swift */,
			);
			path = KanshoTests;
			sourceTree = "<group>";
		};
		EF08E6CC2CC91D7200905CCB /* KanshoUITests */ = {
			isa = PBXGroup;
			children = (
				EF08E6CA2CC91D7200905CCB /* KanshoUITests.swift */,
				EF08E6CB2CC91D7200905CCB /* KanshoUITestsLaunchTests.swift */,
			);
			path = KanshoUITests;
			sourceTree = "<group>";
		};
		EF2657792CCC141C00D7A69E /* Manager */ = {
			isa = PBXGroup;
			children = (
				EF26577A2CCC142200D7A69E /* HapticManager.swift */,
			);
			path = Manager;
			sourceTree = "<group>";
		};
		EF26B9EC2CCA77D0007C3CD8 /* Fonts */ = {
			isa = PBXGroup;
			children = (
				EF26B9FA2CCA783D007C3CD8 /* Avenir */,
			);
			path = Fonts;
			sourceTree = "<group>";
		};
		EF26B9FA2CCA783D007C3CD8 /* Avenir */ = {
			isa = PBXGroup;
			children = (
				EF26B9EE2CCA783D007C3CD8 /* AvenirLTStd-Black.otf */,
				EF26B9EF2CCA783D007C3CD8 /* AvenirLTStd-BlackOblique.otf */,
				EF26B9F02CCA783D007C3CD8 /* AvenirLTStd-Book.otf */,
				EF26B9F12CCA783D007C3CD8 /* AvenirLTStd-BookOblique.otf */,
				EF26B9F22CCA783D007C3CD8 /* AvenirLTStd-Heavy.otf */,
				EF26B9F32CCA783D007C3CD8 /* AvenirLTStd-HeavyOblique.otf */,
				EF26B9F42CCA783D007C3CD8 /* AvenirLTStd-Light.otf */,
				EF26B9F52CCA783D007C3CD8 /* AvenirLTStd-LightOblique.otf */,
				EF26B9F62CCA783D007C3CD8 /* AvenirLTStd-Medium.otf */,
				EF26B9F72CCA783D007C3CD8 /* AvenirLTStd-MediumOblique.otf */,
				EF26B9F82CCA783D007C3CD8 /* AvenirLTStd-Oblique.otf */,
				EF26B9F92CCA783D007C3CD8 /* AvenirLTStd-Roman.otf */,
			);
			path = Avenir;
			sourceTree = "<group>";
		};
		EF26BA082CCA7BA1007C3CD8 /* Extensions */ = {
			isa = PBXGroup;
			children = (
				EF26BA092CCA7BB3007C3CD8 /* Font+Avenir.swift */,
			);
			path = Extensions;
			sourceTree = "<group>";
		};
		EF26BA0B2CCA86D0007C3CD8 /* Relax */ = {
			isa = PBXGroup;
			children = (
				EF26BA0C2CCA86D6007C3CD8 /* View */,
			);
			path = Relax;
			sourceTree = "<group>";
		};
		EF26BA0C2CCA86D6007C3CD8 /* View */ = {
			isa = PBXGroup;
			children = (
				EF26BA0D2CCA86DA007C3CD8 /* RelaxView.swift */,
			);
			path = View;
			sourceTree = "<group>";
		};
		EF7F53152CC16BF100286047 = {
			isa = PBXGroup;
			children = (
				EF08E6C22CC91D6D00905CCB /* Kansho */,
				EF08E6C82CC91D7000905CCB /* KanshoTests */,
				EF08E6CC2CC91D7200905CCB /* KanshoUITests */,
				EF7F531F2CC16BF100286047 /* Products */,
			);
			sourceTree = "<group>";
		};
		EF7F531F2CC16BF100286047 /* Products */ = {
			isa = PBXGroup;
			children = (
				EF7F531E2CC16BF100286047 /* Kansho.app */,
				EF7F532E2CC16BF300286047 /* KanshoTests.xctest */,
				EF7F53382CC16BF300286047 /* KanshoUITests.xctest */,
			);
			name = Products;
			sourceTree = "<group>";
		};
/* End PBXGroup section */

/* Begin PBXNativeTarget section */
		EF7F531D2CC16BF100286047 /* Kansho */ = {
			isa = PBXNativeTarget;
			buildConfigurationList = EF7F53422CC16BF300286047 /* Build configuration list for PBXNativeTarget "Kansho" */;
			buildPhases = (
				EF7F531A2CC16BF100286047 /* Sources */,
				EF7F531B2CC16BF100286047 /* Frameworks */,
				EF7F531C2CC16BF100286047 /* Resources */,
			);
			buildRules = (
			);
			dependencies = (
			);
			name = Kansho;
			packageProductDependencies = (
			);
			productName = Kansho;
			productReference = EF7F531E2CC16BF100286047 /* Kansho.app */;
			productType = "com.apple.product-type.application";
		};
		EF7F532D2CC16BF300286047 /* KanshoTests */ = {
			isa = PBXNativeTarget;
			buildConfigurationList = EF7F53452CC16BF300286047 /* Build configuration list for PBXNativeTarget "KanshoTests" */;
			buildPhases = (
				EF7F532A2CC16BF300286047 /* Sources */,
				EF7F532B2CC16BF300286047 /* Frameworks */,
				EF7F532C2CC16BF300286047 /* Resources */,
			);
			buildRules = (
			);
			dependencies = (
				EF7F53302CC16BF300286047 /* PBXTargetDependency */,
			);
			name = KanshoTests;
			packageProductDependencies = (
			);
			productName = KanshoTests;
			productReference = EF7F532E2CC16BF300286047 /* KanshoTests.xctest */;
			productType = "com.apple.product-type.bundle.unit-test";
		};
		EF7F53372CC16BF300286047 /* KanshoUITests */ = {
			isa = PBXNativeTarget;
			buildConfigurationList = EF7F53482CC16BF300286047 /* Build configuration list for PBXNativeTarget "KanshoUITests" */;
			buildPhases = (
				EF7F53342CC16BF300286047 /* Sources */,
				EF7F53352CC16BF300286047 /* Frameworks */,
				EF7F53362CC16BF300286047 /* Resources */,
			);
			buildRules = (
			);
			dependencies = (
				EF7F533A2CC16BF300286047 /* PBXTargetDependency */,
			);
			name = KanshoUITests;
			packageProductDependencies = (
			);
			productName = KanshoUITests;
			productReference = EF7F53382CC16BF300286047 /* KanshoUITests.xctest */;
			productType = "com.apple.product-type.bundle.ui-testing";
		};
/* End PBXNativeTarget section */

/* Begin PBXProject section */
		EF7F53162CC16BF100286047 /* Project object */ = {
			isa = PBXProject;
			attributes = {
				BuildIndependentTargetsInParallel = 1;
				LastSwiftUpdateCheck = 1600;
				LastUpgradeCheck = 1600;
				TargetAttributes = {
					EF7F531D2CC16BF100286047 = {
						CreatedOnToolsVersion = 16.0;
					};
					EF7F532D2CC16BF300286047 = {
						CreatedOnToolsVersion = 16.0;
						TestTargetID = EF7F531D2CC16BF100286047;
					};
					EF7F53372CC16BF300286047 = {
						CreatedOnToolsVersion = 16.0;
						TestTargetID = EF7F531D2CC16BF100286047;
					};
				};
			};
			buildConfigurationList = EF7F53192CC16BF100286047 /* Build configuration list for PBXProject "Kansho" */;
			developmentRegion = en;
			hasScannedForEncodings = 0;
			knownRegions = (
				en,
				Base,
			);
			mainGroup = EF7F53152CC16BF100286047;
			minimizedProjectReferenceProxies = 1;
			preferredProjectObjectVersion = 77;
			productRefGroup = EF7F531F2CC16BF100286047 /* Products */;
			projectDirPath = "";
			projectRoot = "";
			targets = (
				EF7F531D2CC16BF100286047 /* Kansho */,
				EF7F532D2CC16BF300286047 /* KanshoTests */,
				EF7F53372CC16BF300286047 /* KanshoUITests */,
			);
		};
/* End PBXProject section */

/* Begin PBXResourcesBuildPhase section */
		EF7F531C2CC16BF100286047 /* Resources */ = {
			isa = PBXResourcesBuildPhase;
			buildActionMask = 2147483647;
			files = (
				EF26B9FB2CCA783D007C3CD8 /* AvenirLTStd-Black.otf in Resources */,
				EF26B9FC2CCA783D007C3CD8 /* AvenirLTStd-Book.otf in Resources */,
				EF26B9FD2CCA783D007C3CD8 /* AvenirLTStd-BookOblique.otf in Resources */,
				EF26B9FE2CCA783D007C3CD8 /* AvenirLTStd-Medium.otf in Resources */,
				EF26B9FF2CCA783D007C3CD8 /* AvenirLTStd-HeavyOblique.otf in Resources */,
				EF26BA002CCA783D007C3CD8 /* AvenirLTStd-Light.otf in Resources */,
				EF26BA012CCA783D007C3CD8 /* AvenirLTStd-Roman.otf in Resources */,
				EF26BA022CCA783D007C3CD8 /* AvenirLTStd-LightOblique.otf in Resources */,
				EF26BA032CCA783D007C3CD8 /* AvenirLTStd-Oblique.otf in Resources */,
				EF26BA042CCA783D007C3CD8 /* AvenirLTStd-BlackOblique.otf in Resources */,
				EF26BA052CCA783D007C3CD8 /* AvenirLTStd-Heavy.otf in Resources */,
				EF26BA062CCA783D007C3CD8 /* AvenirLTStd-MediumOblique.otf in Resources */,
				EF08E6C32CC91D6D00905CCB /* Preview Assets.xcassets in Resources */,
				EF08E6C42CC91D6D00905CCB /* Assets.xcassets in Resources */,
			);
			runOnlyForDeploymentPostprocessing = 0;
		};
		EF7F532C2CC16BF300286047 /* Resources */ = {
			isa = PBXResourcesBuildPhase;
			buildActionMask = 2147483647;
			files = (
			);
			runOnlyForDeploymentPostprocessing = 0;
		};
		EF7F53362CC16BF300286047 /* Resources */ = {
			isa = PBXResourcesBuildPhase;
			buildActionMask = 2147483647;
			files = (
			);
			runOnlyForDeploymentPostprocessing = 0;
		};
/* End PBXResourcesBuildPhase section */

/* Begin PBXSourcesBuildPhase section */
		EF7F531A2CC16BF100286047 /* Sources */ = {
			isa = PBXSourcesBuildPhase;
			buildActionMask = 2147483647;
			files = (
				EF08E6C52CC91D6D00905CCB /* ContentView.swift in Sources */,
				EF26577B2CCC142600D7A69E /* HapticManager.swift in Sources */,
				EF26BA0E2CCA86DD007C3CD8 /* RelaxView.swift in Sources */,
				EF26BA0A2CCA7BBE007C3CD8 /* Font+Avenir.swift in Sources */,
				EF08E6C62CC91D6D00905CCB /* KanshoApp.swift in Sources */,
			);
			runOnlyForDeploymentPostprocessing = 0;
		};
		EF7F532A2CC16BF300286047 /* Sources */ = {
			isa = PBXSourcesBuildPhase;
			buildActionMask = 2147483647;
			files = (
				EF08E6C92CC91D7000905CCB /* KanshoTests.swift in Sources */,
			);
			runOnlyForDeploymentPostprocessing = 0;
		};
		EF7F53342CC16BF300286047 /* Sources */ = {
			isa = PBXSourcesBuildPhase;
			buildActionMask = 2147483647;
			files = (
				EF08E6CD2CC91D7200905CCB /* KanshoUITests.swift in Sources */,
				EF08E6CE2CC91D7200905CCB /* KanshoUITestsLaunchTests.swift in Sources */,
			);
			runOnlyForDeploymentPostprocessing = 0;
		};
/* End PBXSourcesBuildPhase section */

/* Begin PBXTargetDependency section */
		EF7F53302CC16BF300286047 /* PBXTargetDependency */ = {
			isa = PBXTargetDependency;
			target = EF7F531D2CC16BF100286047 /* Kansho */;
			targetProxy = EF7F532F2CC16BF300286047 /* PBXContainerItemProxy */;
		};
		EF7F533A2CC16BF300286047 /* PBXTargetDependency */ = {
			isa = PBXTargetDependency;
			target = EF7F531D2CC16BF100286047 /* Kansho */;
			targetProxy = EF7F53392CC16BF300286047 /* PBXContainerItemProxy */;
		};
/* End PBXTargetDependency section */

/* Begin XCBuildConfiguration section */
		EF7F53402CC16BF300286047 /* Debug */ = {
			isa = XCBuildConfiguration;
			buildSettings = {
				ALWAYS_SEARCH_USER_PATHS = NO;
				ASSETCATALOG_COMPILER_GENERATE_SWIFT_ASSET_SYMBOL_EXTENSIONS = YES;
				CLANG_ANALYZER_NONNULL = YES;
				CLANG_ANALYZER_NUMBER_OBJECT_CONVERSION = YES_AGGRESSIVE;
				CLANG_CXX_LANGUAGE_STANDARD = "gnu++20";
				CLANG_ENABLE_MODULES = YES;
				CLANG_ENABLE_OBJC_ARC = YES;
				CLANG_ENABLE_OBJC_WEAK = YES;
				CLANG_WARN_BLOCK_CAPTURE_AUTORELEASING = YES;
				CLANG_WARN_BOOL_CONVERSION = YES;
				CLANG_WARN_COMMA = YES;
				CLANG_WARN_CONSTANT_CONVERSION = YES;
				CLANG_WARN_DEPRECATED_OBJC_IMPLEMENTATIONS = YES;
				CLANG_WARN_DIRECT_OBJC_ISA_USAGE = YES_ERROR;
				CLANG_WARN_DOCUMENTATION_COMMENTS = YES;
				CLANG_WARN_EMPTY_BODY = YES;
				CLANG_WARN_ENUM_CONVERSION = YES;
				CLANG_WARN_INFINITE_RECURSION = YES;
				CLANG_WARN_INT_CONVERSION = YES;
				CLANG_WARN_NON_LITERAL_NULL_CONVERSION = YES;
				CLANG_WARN_OBJC_IMPLICIT_RETAIN_SELF = YES;
				CLANG_WARN_OBJC_LITERAL_CONVERSION = YES;
				CLANG_WARN_OBJC_ROOT_CLASS = YES_ERROR;
				CLANG_WARN_QUOTED_INCLUDE_IN_FRAMEWORK_HEADER = YES;
				CLANG_WARN_RANGE_LOOP_ANALYSIS = YES;
				CLANG_WARN_STRICT_PROTOTYPES = YES;
				CLANG_WARN_SUSPICIOUS_MOVE = YES;
				CLANG_WARN_UNGUARDED_AVAILABILITY = YES_AGGRESSIVE;
				CLANG_WARN_UNREACHABLE_CODE = YES;
				CLANG_WARN__DUPLICATE_METHOD_MATCH = YES;
				COPY_PHASE_STRIP = NO;
				DEBUG_INFORMATION_FORMAT = dwarf;
				ENABLE_STRICT_OBJC_MSGSEND = YES;
				ENABLE_TESTABILITY = YES;
				ENABLE_USER_SCRIPT_SANDBOXING = YES;
				GCC_C_LANGUAGE_STANDARD = gnu17;
				GCC_DYNAMIC_NO_PIC = NO;
				GCC_NO_COMMON_BLOCKS = YES;
				GCC_OPTIMIZATION_LEVEL = 0;
				GCC_PREPROCESSOR_DEFINITIONS = (
					"DEBUG=1",
					"$(inherited)",
				);
				GCC_WARN_64_TO_32_BIT_CONVERSION = YES;
				GCC_WARN_ABOUT_RETURN_TYPE = YES_ERROR;
				GCC_WARN_UNDECLARED_SELECTOR = YES;
				GCC_WARN_UNINITIALIZED_AUTOS = YES_AGGRESSIVE;
				GCC_WARN_UNUSED_FUNCTION = YES;
				GCC_WARN_UNUSED_VARIABLE = YES;
				IPHONEOS_DEPLOYMENT_TARGET = 18.0;
				LOCALIZATION_PREFERS_STRING_CATALOGS = YES;
				MTL_ENABLE_DEBUG_INFO = INCLUDE_SOURCE;
				MTL_FAST_MATH = YES;
				ONLY_ACTIVE_ARCH = YES;
				SDKROOT = iphoneos;
				SWIFT_ACTIVE_COMPILATION_CONDITIONS = "DEBUG $(inherited)";
				SWIFT_OPTIMIZATION_LEVEL = "-Onone";
			};
			name = Debug;
		};
		EF7F53412CC16BF300286047 /* Release */ = {
			isa = XCBuildConfiguration;
			buildSettings = {
				ALWAYS_SEARCH_USER_PATHS = NO;
				ASSETCATALOG_COMPILER_GENERATE_SWIFT_ASSET_SYMBOL_EXTENSIONS = YES;
				CLANG_ANALYZER_NONNULL = YES;
				CLANG_ANALYZER_NUMBER_OBJECT_CONVERSION = YES_AGGRESSIVE;
				CLANG_CXX_LANGUAGE_STANDARD = "gnu++20";
				CLANG_ENABLE_MODULES = YES;
				CLANG_ENABLE_OBJC_ARC = YES;
				CLANG_ENABLE_OBJC_WEAK = YES;
				CLANG_WARN_BLOCK_CAPTURE_AUTORELEASING = YES;
				CLANG_WARN_BOOL_CONVERSION = YES;
				CLANG_WARN_COMMA = YES;
				CLANG_WARN_CONSTANT_CONVERSION = YES;
				CLANG_WARN_DEPRECATED_OBJC_IMPLEMENTATIONS = YES;
				CLANG_WARN_DIRECT_OBJC_ISA_USAGE = YES_ERROR;
				CLANG_WARN_DOCUMENTATION_COMMENTS = YES;
				CLANG_WARN_EMPTY_BODY = YES;
				CLANG_WARN_ENUM_CONVERSION = YES;
				CLANG_WARN_INFINITE_RECURSION = YES;
				CLANG_WARN_INT_CONVERSION = YES;
				CLANG_WARN_NON_LITERAL_NULL_CONVERSION = YES;
				CLANG_WARN_OBJC_IMPLICIT_RETAIN_SELF = YES;
				CLANG_WARN_OBJC_LITERAL_CONVERSION = YES;
				CLANG_WARN_OBJC_ROOT_CLASS = YES_ERROR;
				CLANG_WARN_QUOTED_INCLUDE_IN_FRAMEWORK_HEADER = YES;
				CLANG_WARN_RANGE_LOOP_ANALYSIS = YES;
				CLANG_WARN_STRICT_PROTOTYPES = YES;
				CLANG_WARN_SUSPICIOUS_MOVE = YES;
				CLANG_WARN_UNGUARDED_AVAILABILITY = YES_AGGRESSIVE;
				CLANG_WARN_UNREACHABLE_CODE = YES;
				CLANG_WARN__DUPLICATE_METHOD_MATCH = YES;
				COPY_PHASE_STRIP = NO;
				DEBUG_INFORMATION_FORMAT = "dwarf-with-dsym";
				ENABLE_NS_ASSERTIONS = NO;
				ENABLE_STRICT_OBJC_MSGSEND = YES;
				ENABLE_USER_SCRIPT_SANDBOXING = YES;
				GCC_C_LANGUAGE_STANDARD = gnu17;
				GCC_NO_COMMON_BLOCKS = YES;
				GCC_WARN_64_TO_32_BIT_CONVERSION = YES;
				GCC_WARN_ABOUT_RETURN_TYPE = YES_ERROR;
				GCC_WARN_UNDECLARED_SELECTOR = YES;
				GCC_WARN_UNINITIALIZED_AUTOS = YES_AGGRESSIVE;
				GCC_WARN_UNUSED_FUNCTION = YES;
				GCC_WARN_UNUSED_VARIABLE = YES;
				IPHONEOS_DEPLOYMENT_TARGET = 18.0;
				LOCALIZATION_PREFERS_STRING_CATALOGS = YES;
				MTL_ENABLE_DEBUG_INFO = NO;
				MTL_FAST_MATH = YES;
				SDKROOT = iphoneos;
				SWIFT_COMPILATION_MODE = wholemodule;
				VALIDATE_PRODUCT = YES;
			};
			name = Release;
		};
		EF7F53432CC16BF300286047 /* Debug */ = {
			isa = XCBuildConfiguration;
			buildSettings = {
				ASSETCATALOG_COMPILER_APPICON_NAME = AppIcon;
				ASSETCATALOG_COMPILER_GLOBAL_ACCENT_COLOR_NAME = AccentColor;
				CODE_SIGN_STYLE = Automatic;
				CURRENT_PROJECT_VERSION = 1;
				DEVELOPMENT_ASSET_PATHS = "\"Kansho/Resources/Preview Content\"";
				DEVELOPMENT_TEAM = DP3K3GBL6K;
				ENABLE_PREVIEWS = YES;
				GENERATE_INFOPLIST_FILE = YES;
				INFOPLIST_FILE = Kansho/Info.plist;
				INFOPLIST_KEY_UIApplicationSceneManifest_Generation = YES;
				INFOPLIST_KEY_UIApplicationSupportsIndirectInputEvents = YES;
				INFOPLIST_KEY_UILaunchScreen_Generation = YES;
				INFOPLIST_KEY_UISupportedInterfaceOrientations_iPad = "UIInterfaceOrientationPortrait UIInterfaceOrientationPortraitUpsideDown UIInterfaceOrientationLandscapeLeft UIInterfaceOrientationLandscapeRight";
				INFOPLIST_KEY_UISupportedInterfaceOrientations_iPhone = "UIInterfaceOrientationPortrait UIInterfaceOrientationLandscapeLeft UIInterfaceOrientationLandscapeRight";
				IPHONEOS_DEPLOYMENT_TARGET = 17.6;
				LD_RUNPATH_SEARCH_PATHS = (
					"$(inherited)",
					"@executable_path/Frameworks",
				);
				MARKETING_VERSION = 1.0;
				PRODUCT_BUNDLE_IDENTIFIER = com.dasontio.Kansho;
				PRODUCT_NAME = "$(TARGET_NAME)";
				SWIFT_EMIT_LOC_STRINGS = YES;
				SWIFT_VERSION = 5.0;
				TARGETED_DEVICE_FAMILY = "1,2";
			};
			name = Debug;
		};
		EF7F53442CC16BF300286047 /* Release */ = {
			isa = XCBuildConfiguration;
			buildSettings = {
				ASSETCATALOG_COMPILER_APPICON_NAME = AppIcon;
				ASSETCATALOG_COMPILER_GLOBAL_ACCENT_COLOR_NAME = AccentColor;
				CODE_SIGN_STYLE = Automatic;
				CURRENT_PROJECT_VERSION = 1;
				DEVELOPMENT_ASSET_PATHS = "\"Kansho/Resources/Preview Content\"";
				DEVELOPMENT_TEAM = DP3K3GBL6K;
				ENABLE_PREVIEWS = YES;
				GENERATE_INFOPLIST_FILE = YES;
				INFOPLIST_FILE = Kansho/Info.plist;
				INFOPLIST_KEY_UIApplicationSceneManifest_Generation = YES;
				INFOPLIST_KEY_UIApplicationSupportsIndirectInputEvents = YES;
				INFOPLIST_KEY_UILaunchScreen_Generation = YES;
				INFOPLIST_KEY_UISupportedInterfaceOrientations_iPad = "UIInterfaceOrientationPortrait UIInterfaceOrientationPortraitUpsideDown UIInterfaceOrientationLandscapeLeft UIInterfaceOrientationLandscapeRight";
				INFOPLIST_KEY_UISupportedInterfaceOrientations_iPhone = "UIInterfaceOrientationPortrait UIInterfaceOrientationLandscapeLeft UIInterfaceOrientationLandscapeRight";
				IPHONEOS_DEPLOYMENT_TARGET = 17.6;
				LD_RUNPATH_SEARCH_PATHS = (
					"$(inherited)",
					"@executable_path/Frameworks",
				);
				MARKETING_VERSION = 1.0;
				PRODUCT_BUNDLE_IDENTIFIER = com.dasontio.Kansho;
				PRODUCT_NAME = "$(TARGET_NAME)";
				SWIFT_EMIT_LOC_STRINGS = YES;
				SWIFT_VERSION = 5.0;
				TARGETED_DEVICE_FAMILY = "1,2";
			};
			name = Release;
		};
		EF7F53462CC16BF300286047 /* Debug */ = {
			isa = XCBuildConfiguration;
			buildSettings = {
				BUNDLE_LOADER = "$(TEST_HOST)";
				CODE_SIGN_STYLE = Automatic;
				CURRENT_PROJECT_VERSION = 1;
				DEVELOPMENT_TEAM = DP3K3GBL6K;
				GENERATE_INFOPLIST_FILE = YES;
				IPHONEOS_DEPLOYMENT_TARGET = 18.0;
				MARKETING_VERSION = 1.0;
				PRODUCT_BUNDLE_IDENTIFIER = com.dasontio.KanshoTests;
				PRODUCT_NAME = "$(TARGET_NAME)";
				SWIFT_EMIT_LOC_STRINGS = NO;
				SWIFT_VERSION = 5.0;
				TARGETED_DEVICE_FAMILY = "1,2";
				TEST_HOST = "$(BUILT_PRODUCTS_DIR)/Kansho.app/$(BUNDLE_EXECUTABLE_FOLDER_PATH)/Kansho";
			};
			name = Debug;
		};
		EF7F53472CC16BF300286047 /* Release */ = {
			isa = XCBuildConfiguration;
			buildSettings = {
				BUNDLE_LOADER = "$(TEST_HOST)";
				CODE_SIGN_STYLE = Automatic;
				CURRENT_PROJECT_VERSION = 1;
				DEVELOPMENT_TEAM = DP3K3GBL6K;
				GENERATE_INFOPLIST_FILE = YES;
				IPHONEOS_DEPLOYMENT_TARGET = 18.0;
				MARKETING_VERSION = 1.0;
				PRODUCT_BUNDLE_IDENTIFIER = com.dasontio.KanshoTests;
				PRODUCT_NAME = "$(TARGET_NAME)";
				SWIFT_EMIT_LOC_STRINGS = NO;
				SWIFT_VERSION = 5.0;
				TARGETED_DEVICE_FAMILY = "1,2";
				TEST_HOST = "$(BUILT_PRODUCTS_DIR)/Kansho.app/$(BUNDLE_EXECUTABLE_FOLDER_PATH)/Kansho";
			};
			name = Release;
		};
		EF7F53492CC16BF300286047 /* Debug */ = {
			isa = XCBuildConfiguration;
			buildSettings = {
				CODE_SIGN_STYLE = Automatic;
				CURRENT_PROJECT_VERSION = 1;
				DEVELOPMENT_TEAM = DP3K3GBL6K;
				GENERATE_INFOPLIST_FILE = YES;
				MARKETING_VERSION = 1.0;
				PRODUCT_BUNDLE_IDENTIFIER = com.dasontio.KanshoUITests;
				PRODUCT_NAME = "$(TARGET_NAME)";
				SWIFT_EMIT_LOC_STRINGS = NO;
				SWIFT_VERSION = 5.0;
				TARGETED_DEVICE_FAMILY = "1,2";
				TEST_TARGET_NAME = Kansho;
			};
			name = Debug;
		};
		EF7F534A2CC16BF300286047 /* Release */ = {
			isa = XCBuildConfiguration;
			buildSettings = {
				CODE_SIGN_STYLE = Automatic;
				CURRENT_PROJECT_VERSION = 1;
				DEVELOPMENT_TEAM = DP3K3GBL6K;
				GENERATE_INFOPLIST_FILE = YES;
				MARKETING_VERSION = 1.0;
				PRODUCT_BUNDLE_IDENTIFIER = com.dasontio.KanshoUITests;
				PRODUCT_NAME = "$(TARGET_NAME)";
				SWIFT_EMIT_LOC_STRINGS = NO;
				SWIFT_VERSION = 5.0;
				TARGETED_DEVICE_FAMILY = "1,2";
				TEST_TARGET_NAME = Kansho;
			};
			name = Release;
		};
/* End XCBuildConfiguration section */

/* Begin XCConfigurationList section */
		EF7F53192CC16BF100286047 /* Build configuration list for PBXProject "Kansho" */ = {
			isa = XCConfigurationList;
			buildConfigurations = (
				EF7F53402CC16BF300286047 /* Debug */,
				EF7F53412CC16BF300286047 /* Release */,
			);
			defaultConfigurationIsVisible = 0;
			defaultConfigurationName = Release;
		};
		EF7F53422CC16BF300286047 /* Build configuration list for PBXNativeTarget "Kansho" */ = {
			isa = XCConfigurationList;
			buildConfigurations = (
				EF7F53432CC16BF300286047 /* Debug */,
				EF7F53442CC16BF300286047 /* Release */,
			);
			defaultConfigurationIsVisible = 0;
			defaultConfigurationName = Release;
		};
		EF7F53452CC16BF300286047 /* Build configuration list for PBXNativeTarget "KanshoTests" */ = {
			isa = XCConfigurationList;
			buildConfigurations = (
				EF7F53462CC16BF300286047 /* Debug */,
				EF7F53472CC16BF300286047 /* Release */,
			);
			defaultConfigurationIsVisible = 0;
			defaultConfigurationName = Release;
		};
		EF7F53482CC16BF300286047 /* Build configuration list for PBXNativeTarget "KanshoUITests" */ = {
			isa = XCConfigurationList;
			buildConfigurations = (
				EF7F53492CC16BF300286047 /* Debug */,
				EF7F534A2CC16BF300286047 /* Release */,
			);
			defaultConfigurationIsVisible = 0;
			defaultConfigurationName = Release;
		};
/* End XCConfigurationList section */
	};
	rootObject = EF7F53162CC16BF100286047 /* Project object */;
}
